
Microsoft Visual Studio Solution File, Format Version 12.00
# Visual Studio Version 16
VisualStudioVersion = 16.0.30204.135
MinimumVisualStudioVersion = 10.0.40219.1
Project("{FAE04EC0-301F-11D3-BF4B-00C04F79EFBC}") = "MyBlogSite.UI", "MyBlogSite.UI\MyBlogSite.UI.csproj", "{10781C4A-C6D8-4C34-85BC-B254FEF9AE93}"
EndProject
Global
	GlobalSection(SolutionConfigurationPlatforms) = preSolution
		Debug|Any CPU = Debug|Any CPU
		Release|Any CPU = Release|Any CPU
	EndGlobalSection
	GlobalSection(ProjectConfigurationPlatforms) = postSolution
		{10781C4A-C6D8-4C34-85BC-B254FEF9AE93}.Debug|Any CPU.ActiveCfg = Debug|Any CPU
		{10781C4A-C6D8-4C34-85BC-B254FEF9AE93}.Debug|Any CPU.Build.0 = Debug|Any CPU
		{10781C4A-C6D8-4C34-85BC-B254FEF9AE93}.Release|Any CPU.ActiveCfg = Release|Any CPU
		{10781C4A-C6D8-4C34-85BC-B254FEF9AE93}.Release|Any CPU.Build.0 = Release|Any CPU
	EndGlobalSection
	GlobalSection(SolutionProperties) = preSolution
		HideSolutionNode = FALSE
	EndGlobalSection
	GlobalSection(ExtensibilityGlobals) = postSolution
		SolutionGuid = {72B32D03-EDF3-4495-B89F-321E7D730A94}
	EndGlobalSection
EndGlobal
